
Microsoft Visual Studio Solution File, Format Version 12.00
# Visual Studio Version 17
VisualStudioVersion = 17.6.33723.286
MinimumVisualStudioVersion = 10.0.40219.1
Project("{FAE04EC0-301F-11D3-BF4B-00C04F79EFBC}") = "QuanlykhoWPF", "QuanlykhoWPF\QuanlykhoWPF.csproj", "{12D27883-3871-45DC-ACB7-8AC81DC6C02B}"
EndProject
Global
	GlobalSection(SolutionConfigurationPlatforms) = preSolution
		Debug|Any CPU = Debug|Any CPU
		Release|Any CPU = Release|Any CPU
	EndGlobalSection
	GlobalSection(ProjectConfigurationPlatforms) = postSolution
		{12D27883-3871-45DC-ACB7-8AC81DC6C02B}.Debug|Any CPU.ActiveCfg = Debug|Any CPU
		{12D27883-3871-45DC-ACB7-8AC81DC6C02B}.Debug|Any CPU.Build.0 = Debug|Any CPU
		{12D27883-3871-45DC-ACB7-8AC81DC6C02B}.Release|Any CPU.ActiveCfg = Release|Any CPU
		{12D27883-3871-45DC-ACB7-8AC81DC6C02B}.Release|Any CPU.Build.0 = Release|Any CPU
	EndGlobalSection
	GlobalSection(SolutionProperties) = preSolution
		HideSolutionNode = FALSE
	EndGlobalSection
	GlobalSection(ExtensibilityGlobals) = postSolution
		SolutionGuid = {28A975D4-A731-4942-94C3-E191FDB2C886}
	EndGlobalSection
EndGlobal
